// !$*UTF8*$!
{
	archiveVersion = 1;
	classes = {
	};
	objectVersion = 56;
	objects = {

/* Begin PBXBuildFile section */
		5035F78729DBE0BA00098A98 /* CategoriesCollectionView.swift in Sources */ = {isa = PBXBuildFile; fileRef = 5035F78629DBE0BA00098A98 /* CategoriesCollectionView.swift */; };
		5035F78929DBE0BF00098A98 /* CategoryCollectionCell.swift in Sources */ = {isa = PBXBuildFile; fileRef = 5035F78829DBE0BF00098A98 /* CategoryCollectionCell.swift */; };
		5035F78B29DBE0CF00098A98 /* MenuModuleViewController.swift in Sources */ = {isa = PBXBuildFile; fileRef = 5035F78A29DBE0CF00098A98 /* MenuModuleViewController.swift */; };
		5035F79129DBE13D00098A98 /* BannerCollectionViewCell.swift in Sources */ = {isa = PBXBuildFile; fileRef = 5035F79029DBE13D00098A98 /* BannerCollectionViewCell.swift */; };
		5035F79329DBE14300098A98 /* BannersTableViewCell.swift in Sources */ = {isa = PBXBuildFile; fileRef = 5035F79229DBE14300098A98 /* BannersTableViewCell.swift */; };
		5035F79529DBE14700098A98 /* CategoriesTableViewCell.swift in Sources */ = {isa = PBXBuildFile; fileRef = 5035F79429DBE14700098A98 /* CategoriesTableViewCell.swift */; };
		5035F79729DBE14C00098A98 /* ProductTableViewCell.swift in Sources */ = {isa = PBXBuildFile; fileRef = 5035F79629DBE14C00098A98 /* ProductTableViewCell.swift */; };
		5035F79929DBE15A00098A98 /* MenuModuleInteractor.swift in Sources */ = {isa = PBXBuildFile; fileRef = 5035F79829DBE15A00098A98 /* MenuModuleInteractor.swift */; };
		5035F79B29DBE16000098A98 /* MenuModulePresenter.swift in Sources */ = {isa = PBXBuildFile; fileRef = 5035F79A29DBE16000098A98 /* MenuModulePresenter.swift */; };
		5035F79D29DBE17100098A98 /* MenuModuleEntity.swift in Sources */ = {isa = PBXBuildFile; fileRef = 5035F79C29DBE17100098A98 /* MenuModuleEntity.swift */; };
		5035F79F29DBE18100098A98 /* MenuModuleRouter.swift in Sources */ = {isa = PBXBuildFile; fileRef = 5035F79E29DBE18100098A98 /* MenuModuleRouter.swift */; };
		5035F7A129DBE18A00098A98 /* TabBarController.swift in Sources */ = {isa = PBXBuildFile; fileRef = 5035F7A029DBE18A00098A98 /* TabBarController.swift */; };
		5035F7A329DBE19300098A98 /* NetworkService.swift in Sources */ = {isa = PBXBuildFile; fileRef = 5035F7A229DBE19300098A98 /* NetworkService.swift */; };
		5035F7A529DBE19800098A98 /* ImageLoader.swift in Sources */ = {isa = PBXBuildFile; fileRef = 5035F7A429DBE19800098A98 /* ImageLoader.swift */; };
		5035F7A729DBE1A100098A98 /* UIImage+Ext.swift in Sources */ = {isa = PBXBuildFile; fileRef = 5035F7A629DBE1A100098A98 /* UIImage+Ext.swift */; };
		5035F7A929DBE1A600098A98 /* UIColor+Ext.swift in Sources */ = {isa = PBXBuildFile; fileRef = 5035F7A829DBE1A600098A98 /* UIColor+Ext.swift */; };
		5035F7AB29DBE1AB00098A98 /* UIView+Ext.swift in Sources */ = {isa = PBXBuildFile; fileRef = 5035F7AA29DBE1AB00098A98 /* UIView+Ext.swift */; };
		5035F7AD29DBE1B100098A98 /* UITableView+Ext.swift in Sources */ = {isa = PBXBuildFile; fileRef = 5035F7AC29DBE1B100098A98 /* UITableView+Ext.swift */; };
		5035F7AF29DBE1C000098A98 /* R.swift in Sources */ = {isa = PBXBuildFile; fileRef = 5035F7AE29DBE1C000098A98 /* R.swift */; };
		5047C7C629DA9FEF00C526D8 /* AppDelegate.swift in Sources */ = {isa = PBXBuildFile; fileRef = 5047C7C529DA9FEF00C526D8 /* AppDelegate.swift */; };
		5047C7C829DA9FEF00C526D8 /* SceneDelegate.swift in Sources */ = {isa = PBXBuildFile; fileRef = 5047C7C729DA9FEF00C526D8 /* SceneDelegate.swift */; };
		5047C7CF29DA9FF100C526D8 /* Assets.xcassets in Resources */ = {isa = PBXBuildFile; fileRef = 5047C7CE29DA9FF100C526D8 /* Assets.xcassets */; };
		5047C7D229DA9FF100C526D8 /* LaunchScreen.storyboard in Resources */ = {isa = PBXBuildFile; fileRef = 5047C7D029DA9FF100C526D8 /* LaunchScreen.storyboard */; };
/* End PBXBuildFile section */

/* Begin PBXFileReference section */
		5035F78629DBE0BA00098A98 /* CategoriesCollectionView.swift */ = {isa = PBXFileReference; fileEncoding = 4; lastKnownFileType = sourcecode.swift; path = CategoriesCollectionView.swift; sourceTree = "<group>"; };
		5035F78829DBE0BF00098A98 /* CategoryCollectionCell.swift */ = {isa = PBXFileReference; fileEncoding = 4; lastKnownFileType = sourcecode.swift; path = CategoryCollectionCell.swift; sourceTree = "<group>"; };
		5035F78A29DBE0CF00098A98 /* MenuModuleViewController.swift */ = {isa = PBXFileReference; fileEncoding = 4; lastKnownFileType = sourcecode.swift; path = MenuModuleViewController.swift; sourceTree = "<group>"; };
		5035F79029DBE13D00098A98 /* BannerCollectionViewCell.swift */ = {isa = PBXFileReference; fileEncoding = 4; lastKnownFileType = sourcecode.swift; path = BannerCollectionViewCell.swift; sourceTree = "<group>"; };
		5035F79229DBE14300098A98 /* BannersTableViewCell.swift */ = {isa = PBXFileReference; fileEncoding = 4; lastKnownFileType = sourcecode.swift; path = BannersTableViewCell.swift; sourceTree = "<group>"; };
		5035F79429DBE14700098A98 /* CategoriesTableViewCell.swift */ = {isa = PBXFileReference; fileEncoding = 4; lastKnownFileType = sourcecode.swift; path = CategoriesTableViewCell.swift; sourceTree = "<group>"; };
		5035F79629DBE14C00098A98 /* ProductTableViewCell.swift */ = {isa = PBXFileReference; fileEncoding = 4; lastKnownFileType = sourcecode.swift; path = ProductTableViewCell.swift; sourceTree = "<group>"; };
		5035F79829DBE15A00098A98 /* MenuModuleInteractor.swift */ = {isa = PBXFileReference; fileEncoding = 4; lastKnownFileType = sourcecode.swift; path = MenuModuleInteractor.swift; sourceTree = "<group>"; };
		5035F79A29DBE16000098A98 /* MenuModulePresenter.swift */ = {isa = PBXFileReference; fileEncoding = 4; lastKnownFileType = sourcecode.swift; path = MenuModulePresenter.swift; sourceTree = "<group>"; };
		5035F79C29DBE17100098A98 /* MenuModuleEntity.swift */ = {isa = PBXFileReference; fileEncoding = 4; lastKnownFileType = sourcecode.swift; path = MenuModuleEntity.swift; sourceTree = "<group>"; };
		5035F79E29DBE18100098A98 /* MenuModuleRouter.swift */ = {isa = PBXFileReference; fileEncoding = 4; lastKnownFileType = sourcecode.swift; path = MenuModuleRouter.swift; sourceTree = "<group>"; };
		5035F7A029DBE18A00098A98 /* TabBarController.swift */ = {isa = PBXFileReference; fileEncoding = 4; lastKnownFileType = sourcecode.swift; path = TabBarController.swift; sourceTree = "<group>"; };
		5035F7A229DBE19300098A98 /* NetworkService.swift */ = {isa = PBXFileReference; fileEncoding = 4; lastKnownFileType = sourcecode.swift; path = NetworkService.swift; sourceTree = "<group>"; };
		5035F7A429DBE19800098A98 /* ImageLoader.swift */ = {isa = PBXFileReference; fileEncoding = 4; lastKnownFileType = sourcecode.swift; path = ImageLoader.swift; sourceTree = "<group>"; };
		5035F7A629DBE1A100098A98 /* UIImage+Ext.swift */ = {isa = PBXFileReference; fileEncoding = 4; lastKnownFileType = sourcecode.swift; path = "UIImage+Ext.swift"; sourceTree = "<group>"; };
		5035F7A829DBE1A600098A98 /* UIColor+Ext.swift */ = {isa = PBXFileReference; fileEncoding = 4; lastKnownFileType = sourcecode.swift; path = "UIColor+Ext.swift"; sourceTree = "<group>"; };
		5035F7AA29DBE1AB00098A98 /* UIView+Ext.swift */ = {isa = PBXFileReference; fileEncoding = 4; lastKnownFileType = sourcecode.swift; path = "UIView+Ext.swift"; sourceTree = "<group>"; };
		5035F7AC29DBE1B100098A98 /* UITableView+Ext.swift */ = {isa = PBXFileReference; fileEncoding = 4; lastKnownFileType = sourcecode.swift; path = "UITableView+Ext.swift"; sourceTree = "<group>"; };
		5035F7AE29DBE1C000098A98 /* R.swift */ = {isa = PBXFileReference; fileEncoding = 4; lastKnownFileType = sourcecode.swift; path = R.swift; sourceTree = "<group>"; };
		5047C7C229DA9FEF00C526D8 /* FoodDeliveryFastFood.app */ = {isa = PBXFileReference; explicitFileType = wrapper.application; includeInIndex = 0; path = FoodDeliveryFastFood.app; sourceTree = BUILT_PRODUCTS_DIR; };
		5047C7C529DA9FEF00C526D8 /* AppDelegate.swift */ = {isa = PBXFileReference; lastKnownFileType = sourcecode.swift; path = AppDelegate.swift; sourceTree = "<group>"; };
		5047C7C729DA9FEF00C526D8 /* SceneDelegate.swift */ = {isa = PBXFileReference; lastKnownFileType = sourcecode.swift; path = SceneDelegate.swift; sourceTree = "<group>"; };
		5047C7CE29DA9FF100C526D8 /* Assets.xcassets */ = {isa = PBXFileReference; lastKnownFileType = folder.assetcatalog; path = Assets.xcassets; sourceTree = "<group>"; };
		5047C7D129DA9FF100C526D8 /* Base */ = {isa = PBXFileReference; lastKnownFileType = file.storyboard; name = Base; path = Base.lproj/LaunchScreen.storyboard; sourceTree = "<group>"; };
		5047C7D329DA9FF100C526D8 /* Info.plist */ = {isa = PBXFileReference; lastKnownFileType = text.plist.xml; path = Info.plist; sourceTree = "<group>"; };
/* End PBXFileReference section */

/* Begin PBXFrameworksBuildPhase section */
		5047C7BF29DA9FEF00C526D8 /* Frameworks */ = {
			isa = PBXFrameworksBuildPhase;
			buildActionMask = 2147483647;
			files = (
			);
			runOnlyForDeploymentPostprocessing = 0;
		};
/* End PBXFrameworksBuildPhase section */

/* Begin PBXGroup section */
		5035F75B29DBDC8400098A98 /* View */ = {
			isa = PBXGroup;
			children = (
				5035F75C29DBDC9F00098A98 /* Controller */,
				5035F76129DBDCDF00098A98 /* Cells */,
			);
			path = View;
			sourceTree = "<group>";
		};
		5035F75C29DBDC9F00098A98 /* Controller */ = {
			isa = PBXGroup;
			children = (
				5035F78A29DBE0CF00098A98 /* MenuModuleViewController.swift */,
			);
			path = Controller;
			sourceTree = "<group>";
		};
		5035F76129DBDCDF00098A98 /* Cells */ = {
			isa = PBXGroup;
			children = (
				5035F79029DBE13D00098A98 /* BannerCollectionViewCell.swift */,
				5035F79229DBE14300098A98 /* BannersTableViewCell.swift */,
				5035F79429DBE14700098A98 /* CategoriesTableViewCell.swift */,
				5035F79629DBE14C00098A98 /* ProductTableViewCell.swift */,
			);
			path = Cells;
			sourceTree = "<group>";
		};
		5035F76A29DBDD5100098A98 /* Presenter */ = {
			isa = PBXGroup;
			children = (
				5035F79A29DBE16000098A98 /* MenuModulePresenter.swift */,
			);
			path = Presenter;
			sourceTree = "<group>";
		};
		5035F76D29DBDD7C00098A98 /* Interactor */ = {
			isa = PBXGroup;
			children = (
				5035F79829DBE15A00098A98 /* MenuModuleInteractor.swift */,
			);
			path = Interactor;
			sourceTree = "<group>";
		};
		5035F77029DBDDC800098A98 /* Entity */ = {
			isa = PBXGroup;
			children = (
				5035F79C29DBE17100098A98 /* MenuModuleEntity.swift */,
			);
			path = Entity;
			sourceTree = "<group>";
		};
		5035F77329DBDE0100098A98 /* Router */ = {
			isa = PBXGroup;
			children = (
				5035F79E29DBE18100098A98 /* MenuModuleRouter.swift */,
			);
			path = Router;
			sourceTree = "<group>";
		};
		5047C7B929DA9FEF00C526D8 = {
			isa = PBXGroup;
			children = (
				5047C7C429DA9FEF00C526D8 /* FoodDeliveryFastFood */,
				5047C7C329DA9FEF00C526D8 /* Products */,
			);
			sourceTree = "<group>";
		};
		5047C7C329DA9FEF00C526D8 /* Products */ = {
			isa = PBXGroup;
			children = (
				5047C7C229DA9FEF00C526D8 /* FoodDeliveryFastFood.app */,
			);
			name = Products;
			sourceTree = "<group>";
		};
		5047C7C429DA9FEF00C526D8 /* FoodDeliveryFastFood */ = {
			isa = PBXGroup;
			children = (
				5047C7DB29DAA57200C526D8 /* App */,
				5047C7DC29DAA5F100C526D8 /* Module */,
				5047C7DD29DAA61B00C526D8 /* Network */,
				5047C7DE29DAA62900C526D8 /* Extensions */,
				5047C7DF29DAA64800C526D8 /* Resources */,
			);
			path = FoodDeliveryFastFood;
			sourceTree = "<group>";
		};
		5047C7DB29DAA57200C526D8 /* App */ = {
			isa = PBXGroup;
			children = (
				5047C7D329DA9FF100C526D8 /* Info.plist */,
				5047C7C529DA9FEF00C526D8 /* AppDelegate.swift */,
				5047C7C729DA9FEF00C526D8 /* SceneDelegate.swift */,
			);
			path = App;
			sourceTree = "<group>";
		};
		5047C7DC29DAA5F100C526D8 /* Module */ = {
			isa = PBXGroup;
			children = (
				5047C7E029DAA69A00C526D8 /* Categories */,
				5047C7E129DAA6BB00C526D8 /* Feed */,
				5047C7E229DAA6CD00C526D8 /* TabBar */,
			);
			path = Module;
			sourceTree = "<group>";
		};
		5047C7DD29DAA61B00C526D8 /* Network */ = {
			isa = PBXGroup;
			children = (
				5035F7A229DBE19300098A98 /* NetworkService.swift */,
				5035F7A429DBE19800098A98 /* ImageLoader.swift */,
			);
			path = Network;
			sourceTree = "<group>";
		};
		5047C7DE29DAA62900C526D8 /* Extensions */ = {
			isa = PBXGroup;
			children = (
				5035F7A629DBE1A100098A98 /* UIImage+Ext.swift */,
				5035F7A829DBE1A600098A98 /* UIColor+Ext.swift */,
				5035F7AA29DBE1AB00098A98 /* UIView+Ext.swift */,
				5035F7AC29DBE1B100098A98 /* UITableView+Ext.swift */,
			);
			path = Extensions;
			sourceTree = "<group>";
		};
		5047C7DF29DAA64800C526D8 /* Resources */ = {
			isa = PBXGroup;
			children = (
				5035F7AE29DBE1C000098A98 /* R.swift */,
				5047C7CE29DA9FF100C526D8 /* Assets.xcassets */,
				5047C7D029DA9FF100C526D8 /* LaunchScreen.storyboard */,
			);
			path = Resources;
			sourceTree = "<group>";
		};
		5047C7E029DAA69A00C526D8 /* Categories */ = {
			isa = PBXGroup;
			children = (
				5035F78629DBE0BA00098A98 /* CategoriesCollectionView.swift */,
				5035F78829DBE0BF00098A98 /* CategoryCollectionCell.swift */,
			);
			path = Categories;
			sourceTree = "<group>";
		};
		5047C7E129DAA6BB00C526D8 /* Feed */ = {
			isa = PBXGroup;
			children = (
				5035F75B29DBDC8400098A98 /* View */,
				5035F76D29DBDD7C00098A98 /* Interactor */,
				5035F76A29DBDD5100098A98 /* Presenter */,
				5035F77029DBDDC800098A98 /* Entity */,
				5035F77329DBDE0100098A98 /* Router */,
			);
			path = Feed;
			sourceTree = "<group>";
		};
		5047C7E229DAA6CD00C526D8 /* TabBar */ = {
			isa = PBXGroup;
			children = (
				5035F7A029DBE18A00098A98 /* TabBarController.swift */,
			);
			path = TabBar;
			sourceTree = "<group>";
		};
/* End PBXGroup section */

/* Begin PBXNativeTarget section */
		5047C7C129DA9FEF00C526D8 /* FoodDeliveryFastFood */ = {
			isa = PBXNativeTarget;
			buildConfigurationList = 5047C7D629DA9FF100C526D8 /* Build configuration list for PBXNativeTarget "FoodDeliveryFastFood" */;
			buildPhases = (
				5047C7BE29DA9FEF00C526D8 /* Sources */,
				5047C7BF29DA9FEF00C526D8 /* Frameworks */,
				5047C7C029DA9FEF00C526D8 /* Resources */,
			);
			buildRules = (
			);
			dependencies = (
			);
			name = FoodDeliveryFastFood;
			productName = FoodDeliveryFastFood;
			productReference = 5047C7C229DA9FEF00C526D8 /* FoodDeliveryFastFood.app */;
			productType = "com.apple.product-type.application";
		};
/* End PBXNativeTarget section */

/* Begin PBXProject section */
		5047C7BA29DA9FEF00C526D8 /* Project object */ = {
			isa = PBXProject;
			attributes = {
				BuildIndependentTargetsInParallel = 1;
				LastSwiftUpdateCheck = 1410;
				LastUpgradeCheck = 1410;
				TargetAttributes = {
					5047C7C129DA9FEF00C526D8 = {
						CreatedOnToolsVersion = 14.1;
					};
				};
			};
			buildConfigurationList = 5047C7BD29DA9FEF00C526D8 /* Build configuration list for PBXProject "FoodDeliveryFastFood" */;
			compatibilityVersion = "Xcode 14.0";
			developmentRegion = en;
			hasScannedForEncodings = 0;
			knownRegions = (
				en,
				Base,
			);
			mainGroup = 5047C7B929DA9FEF00C526D8;
			productRefGroup = 5047C7C329DA9FEF00C526D8 /* Products */;
			projectDirPath = "";
			projectRoot = "";
			targets = (
				5047C7C129DA9FEF00C526D8 /* FoodDeliveryFastFood */,
			);
		};
/* End PBXProject section */

/* Begin PBXResourcesBuildPhase section */
		5047C7C029DA9FEF00C526D8 /* Resources */ = {
			isa = PBXResourcesBuildPhase;
			buildActionMask = 2147483647;
			files = (
				5047C7D229DA9FF100C526D8 /* LaunchScreen.storyboard in Resources */,
				5047C7CF29DA9FF100C526D8 /* Assets.xcassets in Resources */,
			);
			runOnlyForDeploymentPostprocessing = 0;
		};
/* End PBXResourcesBuildPhase section */

/* Begin PBXSourcesBuildPhase section */
		5047C7BE29DA9FEF00C526D8 /* Sources */ = {
			isa = PBXSourcesBuildPhase;
			buildActionMask = 2147483647;
			files = (
				5035F79929DBE15A00098A98 /* MenuModuleInteractor.swift in Sources */,
				5035F78929DBE0BF00098A98 /* CategoryCollectionCell.swift in Sources */,
				5035F7A729DBE1A100098A98 /* UIImage+Ext.swift in Sources */,
				5035F79329DBE14300098A98 /* BannersTableViewCell.swift in Sources */,
				5035F79B29DBE16000098A98 /* MenuModulePresenter.swift in Sources */,
				5035F79529DBE14700098A98 /* CategoriesTableViewCell.swift in Sources */,
				5035F7AB29DBE1AB00098A98 /* UIView+Ext.swift in Sources */,
				5047C7C629DA9FEF00C526D8 /* AppDelegate.swift in Sources */,
				5035F7A529DBE19800098A98 /* ImageLoader.swift in Sources */,
				5035F79D29DBE17100098A98 /* MenuModuleEntity.swift in Sources */,
				5035F78B29DBE0CF00098A98 /* MenuModuleViewController.swift in Sources */,
				5035F79129DBE13D00098A98 /* BannerCollectionViewCell.swift in Sources */,
				5047C7C829DA9FEF00C526D8 /* SceneDelegate.swift in Sources */,
				5035F7A329DBE19300098A98 /* NetworkService.swift in Sources */,
				5035F79F29DBE18100098A98 /* MenuModuleRouter.swift in Sources */,
				5035F7AF29DBE1C000098A98 /* R.swift in Sources */,
				5035F7A129DBE18A00098A98 /* TabBarController.swift in Sources */,
				5035F7A929DBE1A600098A98 /* UIColor+Ext.swift in Sources */,
				5035F7AD29DBE1B100098A98 /* UITableView+Ext.swift in Sources */,
				5035F79729DBE14C00098A98 /* ProductTableViewCell.swift in Sources */,
				5035F78729DBE0BA00098A98 /* CategoriesCollectionView.swift in Sources */,
			);
			runOnlyForDeploymentPostprocessing = 0;
		};
/* End PBXSourcesBuildPhase section */

/* Begin PBXVariantGroup section */
		5047C7D029DA9FF100C526D8 /* LaunchScreen.storyboard */ = {
			isa = PBXVariantGroup;
			children = (
				5047C7D129DA9FF100C526D8 /* Base */,
			);
			name = LaunchScreen.storyboard;
			sourceTree = "<group>";
		};
/* End PBXVariantGroup section */

/* Begin XCBuildConfiguration section */
		5047C7D429DA9FF100C526D8 /* Debug */ = {
			isa = XCBuildConfiguration;
			buildSettings = {
				ALWAYS_SEARCH_USER_PATHS = NO;
				CLANG_ANALYZER_NONNULL = YES;
				CLANG_ANALYZER_NUMBER_OBJECT_CONVERSION = YES_AGGRESSIVE;
				CLANG_CXX_LANGUAGE_STANDARD = "gnu++20";
				CLANG_ENABLE_MODULES = YES;
				CLANG_ENABLE_OBJC_ARC = YES;
				CLANG_ENABLE_OBJC_WEAK = YES;
				CLANG_WARN_BLOCK_CAPTURE_AUTORELEASING = YES;
				CLANG_WARN_BOOL_CONVERSION = YES;
				CLANG_WARN_COMMA = YES;
				CLANG_WARN_CONSTANT_CONVERSION = YES;
				CLANG_WARN_DEPRECATED_OBJC_IMPLEMENTATIONS = YES;
				CLANG_WARN_DIRECT_OBJC_ISA_USAGE = YES_ERROR;
				CLANG_WARN_DOCUMENTATION_COMMENTS = YES;
				CLANG_WARN_EMPTY_BODY = YES;
				CLANG_WARN_ENUM_CONVERSION = YES;
				CLANG_WARN_INFINITE_RECURSION = YES;
				CLANG_WARN_INT_CONVERSION = YES;
				CLANG_WARN_NON_LITERAL_NULL_CONVERSION = YES;
				CLANG_WARN_OBJC_IMPLICIT_RETAIN_SELF = YES;
				CLANG_WARN_OBJC_LITERAL_CONVERSION = YES;
				CLANG_WARN_OBJC_ROOT_CLASS = YES_ERROR;
				CLANG_WARN_QUOTED_INCLUDE_IN_FRAMEWORK_HEADER = YES;
				CLANG_WARN_RANGE_LOOP_ANALYSIS = YES;
				CLANG_WARN_STRICT_PROTOTYPES = YES;
				CLANG_WARN_SUSPICIOUS_MOVE = YES;
				CLANG_WARN_UNGUARDED_AVAILABILITY = YES_AGGRESSIVE;
				CLANG_WARN_UNREACHABLE_CODE = YES;
				CLANG_WARN__DUPLICATE_METHOD_MATCH = YES;
				COPY_PHASE_STRIP = NO;
				DEBUG_INFORMATION_FORMAT = dwarf;
				ENABLE_STRICT_OBJC_MSGSEND = YES;
				ENABLE_TESTABILITY = YES;
				GCC_C_LANGUAGE_STANDARD = gnu11;
				GCC_DYNAMIC_NO_PIC = NO;
				GCC_NO_COMMON_BLOCKS = YES;
				GCC_OPTIMIZATION_LEVEL = 0;
				GCC_PREPROCESSOR_DEFINITIONS = (
					"DEBUG=1",
					"$(inherited)",
				);
				GCC_WARN_64_TO_32_BIT_CONVERSION = YES;
				GCC_WARN_ABOUT_RETURN_TYPE = YES_ERROR;
				GCC_WARN_UNDECLARED_SELECTOR = YES;
				GCC_WARN_UNINITIALIZED_AUTOS = YES_AGGRESSIVE;
				GCC_WARN_UNUSED_FUNCTION = YES;
				GCC_WARN_UNUSED_VARIABLE = YES;
				IPHONEOS_DEPLOYMENT_TARGET = 16.1;
				MTL_ENABLE_DEBUG_INFO = INCLUDE_SOURCE;
				MTL_FAST_MATH = YES;
				ONLY_ACTIVE_ARCH = YES;
				SDKROOT = iphoneos;
				SWIFT_ACTIVE_COMPILATION_CONDITIONS = DEBUG;
				SWIFT_OPTIMIZATION_LEVEL = "-Onone";
			};
			name = Debug;
		};
		5047C7D529DA9FF100C526D8 /* Release */ = {
			isa = XCBuildConfiguration;
			buildSettings = {
				ALWAYS_SEARCH_USER_PATHS = NO;
				CLANG_ANALYZER_NONNULL = YES;
				CLANG_ANALYZER_NUMBER_OBJECT_CONVERSION = YES_AGGRESSIVE;
				CLANG_CXX_LANGUAGE_STANDARD = "gnu++20";
				CLANG_ENABLE_MODULES = YES;
				CLANG_ENABLE_OBJC_ARC = YES;
				CLANG_ENABLE_OBJC_WEAK = YES;
				CLANG_WARN_BLOCK_CAPTURE_AUTORELEASING = YES;
				CLANG_WARN_BOOL_CONVERSION = YES;
				CLANG_WARN_COMMA = YES;
				CLANG_WARN_CONSTANT_CONVERSION = YES;
				CLANG_WARN_DEPRECATED_OBJC_IMPLEMENTATIONS = YES;
				CLANG_WARN_DIRECT_OBJC_ISA_USAGE = YES_ERROR;
				CLANG_WARN_DOCUMENTATION_COMMENTS = YES;
				CLANG_WARN_EMPTY_BODY = YES;
				CLANG_WARN_ENUM_CONVERSION = YES;
				CLANG_WARN_INFINITE_RECURSION = YES;
				CLANG_WARN_INT_CONVERSION = YES;
				CLANG_WARN_NON_LITERAL_NULL_CONVERSION = YES;
				CLANG_WARN_OBJC_IMPLICIT_RETAIN_SELF = YES;
				CLANG_WARN_OBJC_LITERAL_CONVERSION = YES;
				CLANG_WARN_OBJC_ROOT_CLASS = YES_ERROR;
				CLANG_WARN_QUOTED_INCLUDE_IN_FRAMEWORK_HEADER = YES;
				CLANG_WARN_RANGE_LOOP_ANALYSIS = YES;
				CLANG_WARN_STRICT_PROTOTYPES = YES;
				CLANG_WARN_SUSPICIOUS_MOVE = YES;
				CLANG_WARN_UNGUARDED_AVAILABILITY = YES_AGGRESSIVE;
				CLANG_WARN_UNREACHABLE_CODE = YES;
				CLANG_WARN__DUPLICATE_METHOD_MATCH = YES;
				COPY_PHASE_STRIP = NO;
				DEBUG_INFORMATION_FORMAT = "dwarf-with-dsym";
				ENABLE_NS_ASSERTIONS = NO;
				ENABLE_STRICT_OBJC_MSGSEND = YES;
				GCC_C_LANGUAGE_STANDARD = gnu11;
				GCC_NO_COMMON_BLOCKS = YES;
				GCC_WARN_64_TO_32_BIT_CONVERSION = YES;
				GCC_WARN_ABOUT_RETURN_TYPE = YES_ERROR;
				GCC_WARN_UNDECLARED_SELECTOR = YES;
				GCC_WARN_UNINITIALIZED_AUTOS = YES_AGGRESSIVE;
				GCC_WARN_UNUSED_FUNCTION = YES;
				GCC_WARN_UNUSED_VARIABLE = YES;
				IPHONEOS_DEPLOYMENT_TARGET = 16.1;
				MTL_ENABLE_DEBUG_INFO = NO;
				MTL_FAST_MATH = YES;
				SDKROOT = iphoneos;
				SWIFT_COMPILATION_MODE = wholemodule;
				SWIFT_OPTIMIZATION_LEVEL = "-O";
				VALIDATE_PRODUCT = YES;
			};
			name = Release;
		};
		5047C7D729DA9FF100C526D8 /* Debug */ = {
			isa = XCBuildConfiguration;
			buildSettings = {
				ASSETCATALOG_COMPILER_APPICON_NAME = AppIcon;
				ASSETCATALOG_COMPILER_GLOBAL_ACCENT_COLOR_NAME = AccentColor;
				CODE_SIGN_STYLE = Automatic;
				CURRENT_PROJECT_VERSION = 1;
				GENERATE_INFOPLIST_FILE = YES;
				INFOPLIST_FILE = FoodDeliveryFastFood/App/Info.plist;
				INFOPLIST_KEY_UIApplicationSupportsIndirectInputEvents = YES;
				INFOPLIST_KEY_UILaunchStoryboardName = LaunchScreen;
				INFOPLIST_KEY_UISupportedInterfaceOrientations = UIInterfaceOrientationPortrait;
				INFOPLIST_KEY_UISupportedInterfaceOrientations_iPad = "UIInterfaceOrientationLandscapeLeft UIInterfaceOrientationLandscapeRight UIInterfaceOrientationPortrait UIInterfaceOrientationPortraitUpsideDown";
				LD_RUNPATH_SEARCH_PATHS = (
					"$(inherited)",
					"@executable_path/Frameworks",
				);
				MARKETING_VERSION = 1.0;
				PRODUCT_BUNDLE_IDENTIFIER = KosyakovAlexander.FoodDeliveryFastFood;
				PRODUCT_NAME = "$(TARGET_NAME)";
				SWIFT_EMIT_LOC_STRINGS = YES;
				SWIFT_VERSION = 5.0;
				TARGETED_DEVICE_FAMILY = "1,2";
			};
			name = Debug;
		};
		5047C7D829DA9FF100C526D8 /* Release */ = {
			isa = XCBuildConfiguration;
			buildSettings = {
				ASSETCATALOG_COMPILER_APPICON_NAME = AppIcon;
				ASSETCATALOG_COMPILER_GLOBAL_ACCENT_COLOR_NAME = AccentColor;
				CODE_SIGN_STYLE = Automatic;
				CURRENT_PROJECT_VERSION = 1;
				GENERATE_INFOPLIST_FILE = YES;
				INFOPLIST_FILE = FoodDeliveryFastFood/App/Info.plist;
				INFOPLIST_KEY_UIApplicationSupportsIndirectInputEvents = YES;
				INFOPLIST_KEY_UILaunchStoryboardName = LaunchScreen;
				INFOPLIST_KEY_UISupportedInterfaceOrientations = UIInterfaceOrientationPortrait;
				INFOPLIST_KEY_UISupportedInterfaceOrientations_iPad = "UIInterfaceOrientationLandscapeLeft UIInterfaceOrientationLandscapeRight UIInterfaceOrientationPortrait UIInterfaceOrientationPortraitUpsideDown";
				LD_RUNPATH_SEARCH_PATHS = (
					"$(inherited)",
					"@executable_path/Frameworks",
				);
				MARKETING_VERSION = 1.0;
				PRODUCT_BUNDLE_IDENTIFIER = KosyakovAlexander.FoodDeliveryFastFood;
				PRODUCT_NAME = "$(TARGET_NAME)";
				SWIFT_EMIT_LOC_STRINGS = YES;
				SWIFT_VERSION = 5.0;
				TARGETED_DEVICE_FAMILY = "1,2";
			};
			name = Release;
		};
/* End XCBuildConfiguration section */

/* Begin XCConfigurationList section */
		5047C7BD29DA9FEF00C526D8 /* Build configuration list for PBXProject "FoodDeliveryFastFood" */ = {
			isa = XCConfigurationList;
			buildConfigurations = (
				5047C7D429DA9FF100C526D8 /* Debug */,
				5047C7D529DA9FF100C526D8 /* Release */,
			);
			defaultConfigurationIsVisible = 0;
			defaultConfigurationName = Release;
		};
		5047C7D629DA9FF100C526D8 /* Build configuration list for PBXNativeTarget "FoodDeliveryFastFood" */ = {
			isa = XCConfigurationList;
			buildConfigurations = (
				5047C7D729DA9FF100C526D8 /* Debug */,
				5047C7D829DA9FF100C526D8 /* Release */,
			);
			defaultConfigurationIsVisible = 0;
			defaultConfigurationName = Release;
		};
/* End XCConfigurationList section */
	};
	rootObject = 5047C7BA29DA9FEF00C526D8 /* Project object */;
}
